
Microsoft Visual Studio Solution File, Format Version 12.00
# Visual Studio Version 16
VisualStudioVersion = 16.0.29613.14
MinimumVisualStudioVersion = 10.0.40219.1
Project("{FAE04EC0-301F-11D3-BF4B-00C04F79EFBC}") = "COMDROID_DISCORD_WEBHOOK_MANAGER", "COMDROID_DISCORD_WEBHOOK_MANAGER\COMDROID_DISCORD_WEBHOOK_MANAGER.csproj", "{C9FB0037-4454-405B-A877-2FFCE2F13830}"
EndProject
Global
	GlobalSection(SolutionConfigurationPlatforms) = preSolution
		Debug|Any CPU = Debug|Any CPU
		Release|Any CPU = Release|Any CPU
	EndGlobalSection
	GlobalSection(ProjectConfigurationPlatforms) = postSolution
		{C9FB0037-4454-405B-A877-2FFCE2F13830}.Debug|Any CPU.ActiveCfg = Debug|Any CPU
		{C9FB0037-4454-405B-A877-2FFCE2F13830}.Debug|Any CPU.Build.0 = Debug|Any CPU
		{C9FB0037-4454-405B-A877-2FFCE2F13830}.Release|Any CPU.ActiveCfg = Release|Any CPU
		{C9FB0037-4454-405B-A877-2FFCE2F13830}.Release|Any CPU.Build.0 = Release|Any CPU
	EndGlobalSection
	GlobalSection(SolutionProperties) = preSolution
		HideSolutionNode = FALSE
	EndGlobalSection
	GlobalSection(ExtensibilityGlobals) = postSolution
		SolutionGuid = {5B2FBCD3-5CB2-428B-BE76-1550EC829E6B}
	EndGlobalSection
EndGlobal
